{
  "name": "langtons-ant-cube",
  "version": "1.0.0",
  "lockfileVersion": 2,
  "requires": true,
  "packages": {
    "": {
      "version": "1.0.0",
      "license": "ISC",
      "dependencies": {
        "esbuild": "^0.8.32",
        "three": "^0.124.0"
      }
    },
    "node_modules/esbuild": {
      "version": "0.8.32",
      "resolved": "https://registry.npmjs.org/esbuild/-/esbuild-0.8.32.tgz",
      "integrity": "sha512-5IzQapMW/wFy5oxziHCJzawk26K3xeyrIAQPnPN3c0Q84hqRw6IfGDGfGWOdJNw5tAx77yvwqZ4r1QMpo6emJA==",
      "hasInstallScript": true,
      "bin": {
        "esbuild": "bin/esbuild"
      }
    },
    "node_modules/three": {
      "version": "0.124.0",
      "resolved": "https://registry.npmjs.org/three/-/three-0.124.0.tgz",
      "integrity": "sha512-ROXp1Ly7YyF+jC910DQyAWj++Qlw2lQv0qwYLNQwdDbjk4bsOXAfGO92wYTMPNei1GMJUmCxSxc3MjGBTS09Rg=="
    }
  },
  "dependencies": {
    "esbuild": {
      "version": "0.8.32",
      "resolved": "https://registry.npmjs.org/esbuild/-/esbuild-0.8.32.tgz",
      "integrity": "sha512-5IzQapMW/wFy5oxziHCJzawk26K3xeyrIAQPnPN3c0Q84hqRw6IfGDGfGWOdJNw5tAx77yvwqZ4r1QMpo6emJA=="
    },
    "three": {
      "version": "0.124.0",
      "resolved": "https://registry.npmjs.org/three/-/three-0.124.0.tgz",
      "integrity": "sha512-ROXp1Ly7YyF+jC910DQyAWj++Qlw2lQv0qwYLNQwdDbjk4bsOXAfGO92wYTMPNei1GMJUmCxSxc3MjGBTS09Rg=="
    }
  }
}
